
Microsoft Visual Studio Solution File, Format Version 10.00
# Visual Studio 2008
Project("{8BC9CEB8-8B4A-11D0-8D11-00A0C91BC942}") = "oncrpc", "..\ONCRPC\oncrpc_win32_release_2\oncrpc\win32\librpc\lib\oncrpc.vcproj", "{68393948-88CA-4A68-9DC9-E437401D63AD}"
EndProject
Project("{8BC9CEB8-8B4A-11D0-8D11-00A0C91BC942}") = "NFSv2", "NFSv2\NFSv2.vcproj", "{D4C71D94-BA6C-4BB0-BE7A-CFB29AC91A50}"
EndProject
Project("{8BC9CEB8-8B4A-11D0-8D11-00A0C91BC942}") = "TestV2", "TestV2\TestV2.vcproj", "{14C80CE5-B224-401E-939E-C317BA4EBFD6}"
EndProject
Project("{FAE04EC0-301F-11D3-BF4B-00C04F79EFBC}") = "NekoDrive.NFS", "NekoDrive.NFS\NekoDrive.NFS.csproj", "{C4BFB2C9-D2F9-4607-BD12-A4CB1D371D48}"
EndProject
Project("{FAE04EC0-301F-11D3-BF4B-00C04F79EFBC}") = "TestNFS", "TestNFS\TestNFS.csproj", "{9E04C48F-26CB-4620-BEFC-B6CC60EF6673}"
EndProject
Project("{FAE04EC0-301F-11D3-BF4B-00C04F79EFBC}") = "NFSv2Client", "NFSv2Client\NFSv2Client.csproj", "{A1EE0B2E-46DB-4475-8A2A-6AA1966ED7D7}"
EndProject
Global
	GlobalSection(SolutionConfigurationPlatforms) = preSolution
		Debug|Any CPU = Debug|Any CPU
		Debug|Mixed Platforms = Debug|Mixed Platforms
		Debug|Win32 = Debug|Win32
		Debug|x86 = Debug|x86
		Release|Any CPU = Release|Any CPU
		Release|Mixed Platforms = Release|Mixed Platforms
		Release|Win32 = Release|Win32
		Release|x86 = Release|x86
	EndGlobalSection
	GlobalSection(ProjectConfigurationPlatforms) = postSolution
		{68393948-88CA-4A68-9DC9-E437401D63AD}.Debug|Any CPU.ActiveCfg = Debug|Win32
		{68393948-88CA-4A68-9DC9-E437401D63AD}.Debug|Mixed Platforms.ActiveCfg = Debug|Win32
		{68393948-88CA-4A68-9DC9-E437401D63AD}.Debug|Mixed Platforms.Build.0 = Debug|Win32
		{68393948-88CA-4A68-9DC9-E437401D63AD}.Debug|Win32.ActiveCfg = Debug|Win32
		{68393948-88CA-4A68-9DC9-E437401D63AD}.Debug|Win32.Build.0 = Debug|Win32
		{68393948-88CA-4A68-9DC9-E437401D63AD}.Debug|x86.ActiveCfg = Debug|Win32
		{68393948-88CA-4A68-9DC9-E437401D63AD}.Release|Any CPU.ActiveCfg = Release|Win32
		{68393948-88CA-4A68-9DC9-E437401D63AD}.Release|Mixed Platforms.ActiveCfg = Release|Win32
		{68393948-88CA-4A68-9DC9-E437401D63AD}.Release|Mixed Platforms.Build.0 = Release|Win32
		{68393948-88CA-4A68-9DC9-E437401D63AD}.Release|Win32.ActiveCfg = Release|Win32
		{68393948-88CA-4A68-9DC9-E437401D63AD}.Release|Win32.Build.0 = Release|Win32
		{68393948-88CA-4A68-9DC9-E437401D63AD}.Release|x86.ActiveCfg = Release|Win32
		{D4C71D94-BA6C-4BB0-BE7A-CFB29AC91A50}.Debug|Any CPU.ActiveCfg = Debug|Win32
		{D4C71D94-BA6C-4BB0-BE7A-CFB29AC91A50}.Debug|Mixed Platforms.ActiveCfg = Debug|Win32
		{D4C71D94-BA6C-4BB0-BE7A-CFB29AC91A50}.Debug|Mixed Platforms.Build.0 = Debug|Win32
		{D4C71D94-BA6C-4BB0-BE7A-CFB29AC91A50}.Debug|Win32.ActiveCfg = Debug|Win32
		{D4C71D94-BA6C-4BB0-BE7A-CFB29AC91A50}.Debug|Win32.Build.0 = Debug|Win32
		{D4C71D94-BA6C-4BB0-BE7A-CFB29AC91A50}.Debug|x86.ActiveCfg = Debug|Win32
		{D4C71D94-BA6C-4BB0-BE7A-CFB29AC91A50}.Release|Any CPU.ActiveCfg = Release|Win32
		{D4C71D94-BA6C-4BB0-BE7A-CFB29AC91A50}.Release|Mixed Platforms.ActiveCfg = Release|Win32
		{D4C71D94-BA6C-4BB0-BE7A-CFB29AC91A50}.Release|Mixed Platforms.Build.0 = Release|Win32
		{D4C71D94-BA6C-4BB0-BE7A-CFB29AC91A50}.Release|Win32.ActiveCfg = Release|Win32
		{D4C71D94-BA6C-4BB0-BE7A-CFB29AC91A50}.Release|Win32.Build.0 = Release|Win32
		{D4C71D94-BA6C-4BB0-BE7A-CFB29AC91A50}.Release|x86.ActiveCfg = Release|Win32
		{14C80CE5-B224-401E-939E-C317BA4EBFD6}.Debug|Any CPU.ActiveCfg = Debug|Win32
		{14C80CE5-B224-401E-939E-C317BA4EBFD6}.Debug|Mixed Platforms.ActiveCfg = Debug|Win32
		{14C80CE5-B224-401E-939E-C317BA4EBFD6}.Debug|Mixed Platforms.Build.0 = Debug|Win32
		{14C80CE5-B224-401E-939E-C317BA4EBFD6}.Debug|Win32.ActiveCfg = Debug|Win32
		{14C80CE5-B224-401E-939E-C317BA4EBFD6}.Debug|Win32.Build.0 = Debug|Win32
		{14C80CE5-B224-401E-939E-C317BA4EBFD6}.Debug|x86.ActiveCfg = Debug|Win32
		{14C80CE5-B224-401E-939E-C317BA4EBFD6}.Release|Any CPU.ActiveCfg = Release|Win32
		{14C80CE5-B224-401E-939E-C317BA4EBFD6}.Release|Mixed Platforms.ActiveCfg = Release|Win32
		{14C80CE5-B224-401E-939E-C317BA4EBFD6}.Release|Mixed Platforms.Build.0 = Release|Win32
		{14C80CE5-B224-401E-939E-C317BA4EBFD6}.Release|Win32.ActiveCfg = Release|Win32
		{14C80CE5-B224-401E-939E-C317BA4EBFD6}.Release|Win32.Build.0 = Release|Win32
		{14C80CE5-B224-401E-939E-C317BA4EBFD6}.Release|x86.ActiveCfg = Release|Win32
		{C4BFB2C9-D2F9-4607-BD12-A4CB1D371D48}.Debug|Any CPU.ActiveCfg = Debug|Any CPU
		{C4BFB2C9-D2F9-4607-BD12-A4CB1D371D48}.Debug|Any CPU.Build.0 = Debug|Any CPU
		{C4BFB2C9-D2F9-4607-BD12-A4CB1D371D48}.Debug|Mixed Platforms.ActiveCfg = Debug|Any CPU
		{C4BFB2C9-D2F9-4607-BD12-A4CB1D371D48}.Debug|Mixed Platforms.Build.0 = Debug|Any CPU
		{C4BFB2C9-D2F9-4607-BD12-A4CB1D371D48}.Debug|Win32.ActiveCfg = Debug|Any CPU
		{C4BFB2C9-D2F9-4607-BD12-A4CB1D371D48}.Debug|x86.ActiveCfg = Debug|x86
		{C4BFB2C9-D2F9-4607-BD12-A4CB1D371D48}.Debug|x86.Build.0 = Debug|x86
		{C4BFB2C9-D2F9-4607-BD12-A4CB1D371D48}.Release|Any CPU.ActiveCfg = Release|Any CPU
		{C4BFB2C9-D2F9-4607-BD12-A4CB1D371D48}.Release|Any CPU.Build.0 = Release|Any CPU
		{C4BFB2C9-D2F9-4607-BD12-A4CB1D371D48}.Release|Mixed Platforms.ActiveCfg = Release|Any CPU
		{C4BFB2C9-D2F9-4607-BD12-A4CB1D371D48}.Release|Mixed Platforms.Build.0 = Release|Any CPU
		{C4BFB2C9-D2F9-4607-BD12-A4CB1D371D48}.Release|Win32.ActiveCfg = Release|Any CPU
		{C4BFB2C9-D2F9-4607-BD12-A4CB1D371D48}.Release|x86.ActiveCfg = Release|x86
		{C4BFB2C9-D2F9-4607-BD12-A4CB1D371D48}.Release|x86.Build.0 = Release|x86
		{9E04C48F-26CB-4620-BEFC-B6CC60EF6673}.Debug|Any CPU.ActiveCfg = Debug|Any CPU
		{9E04C48F-26CB-4620-BEFC-B6CC60EF6673}.Debug|Any CPU.Build.0 = Debug|Any CPU
		{9E04C48F-26CB-4620-BEFC-B6CC60EF6673}.Debug|Mixed Platforms.ActiveCfg = Debug|Any CPU
		{9E04C48F-26CB-4620-BEFC-B6CC60EF6673}.Debug|Mixed Platforms.Build.0 = Debug|Any CPU
		{9E04C48F-26CB-4620-BEFC-B6CC60EF6673}.Debug|Win32.ActiveCfg = Debug|Any CPU
		{9E04C48F-26CB-4620-BEFC-B6CC60EF6673}.Debug|x86.ActiveCfg = Debug|x86
		{9E04C48F-26CB-4620-BEFC-B6CC60EF6673}.Release|Any CPU.ActiveCfg = Release|Any CPU
		{9E04C48F-26CB-4620-BEFC-B6CC60EF6673}.Release|Any CPU.Build.0 = Release|Any CPU
		{9E04C48F-26CB-4620-BEFC-B6CC60EF6673}.Release|Mixed Platforms.ActiveCfg = Release|Any CPU
		{9E04C48F-26CB-4620-BEFC-B6CC60EF6673}.Release|Mixed Platforms.Build.0 = Release|Any CPU
		{9E04C48F-26CB-4620-BEFC-B6CC60EF6673}.Release|Win32.ActiveCfg = Release|Any CPU
		{9E04C48F-26CB-4620-BEFC-B6CC60EF6673}.Release|x86.ActiveCfg = Release|x86
		{9E04C48F-26CB-4620-BEFC-B6CC60EF6673}.Release|x86.Build.0 = Release|x86
		{A1EE0B2E-46DB-4475-8A2A-6AA1966ED7D7}.Debug|Any CPU.ActiveCfg = Debug|Any CPU
		{A1EE0B2E-46DB-4475-8A2A-6AA1966ED7D7}.Debug|Any CPU.Build.0 = Debug|Any CPU
		{A1EE0B2E-46DB-4475-8A2A-6AA1966ED7D7}.Debug|Mixed Platforms.ActiveCfg = Debug|x86
		{A1EE0B2E-46DB-4475-8A2A-6AA1966ED7D7}.Debug|Mixed Platforms.Build.0 = Debug|x86
		{A1EE0B2E-46DB-4475-8A2A-6AA1966ED7D7}.Debug|Win32.ActiveCfg = Debug|x86
		{A1EE0B2E-46DB-4475-8A2A-6AA1966ED7D7}.Debug|x86.ActiveCfg = Debug|x86
		{A1EE0B2E-46DB-4475-8A2A-6AA1966ED7D7}.Debug|x86.Build.0 = Debug|x86
		{A1EE0B2E-46DB-4475-8A2A-6AA1966ED7D7}.Release|Any CPU.ActiveCfg = Release|Any CPU
		{A1EE0B2E-46DB-4475-8A2A-6AA1966ED7D7}.Release|Any CPU.Build.0 = Release|Any CPU
		{A1EE0B2E-46DB-4475-8A2A-6AA1966ED7D7}.Release|Mixed Platforms.ActiveCfg = Release|x86
		{A1EE0B2E-46DB-4475-8A2A-6AA1966ED7D7}.Release|Mixed Platforms.Build.0 = Release|x86
		{A1EE0B2E-46DB-4475-8A2A-6AA1966ED7D7}.Release|Win32.ActiveCfg = Release|x86
		{A1EE0B2E-46DB-4475-8A2A-6AA1966ED7D7}.Release|x86.ActiveCfg = Release|x86
		{A1EE0B2E-46DB-4475-8A2A-6AA1966ED7D7}.Release|x86.Build.0 = Release|x86
	EndGlobalSection
	GlobalSection(SolutionProperties) = preSolution
		HideSolutionNode = FALSE
	EndGlobalSection
EndGlobal
