
Microsoft Visual Studio Solution File, Format Version 10.00
# Visual Studio 2008
Project("{8BC9CEB8-8B4A-11D0-8D11-00A0C91BC942}") = "oncrpc", "..\ONCRPC\oncrpc_win32_release_2\oncrpc\win32\librpc\lib\oncrpc.vcproj", "{68393948-88CA-4A68-9DC9-E437401D63AD}"
EndProject
Project("{8BC9CEB8-8B4A-11D0-8D11-00A0C91BC942}") = "NFSv2", "NFSv2\NFSv2.vcproj", "{D4C71D94-BA6C-4BB0-BE7A-CFB29AC91A50}"
	ProjectSection(ProjectDependencies) = postProject
		{68393948-88CA-4A68-9DC9-E437401D63AD} = {68393948-88CA-4A68-9DC9-E437401D63AD}
	EndProjectSection
EndProject
Project("{8BC9CEB8-8B4A-11D0-8D11-00A0C91BC942}") = "TestV2", "TestV2\TestV2.vcproj", "{14C80CE5-B224-401E-939E-C317BA4EBFD6}"
EndProject
Project("{FAE04EC0-301F-11D3-BF4B-00C04F79EFBC}") = "NekoDrive.NFS", "NekoDrive.NFS\NekoDrive.NFS.csproj", "{C4BFB2C9-D2F9-4607-BD12-A4CB1D371D48}"
EndProject
Project("{FAE04EC0-301F-11D3-BF4B-00C04F79EFBC}") = "TestNFS", "TestNFS\TestNFS.csproj", "{9E04C48F-26CB-4620-BEFC-B6CC60EF6673}"
EndProject
Project("{FAE04EC0-301F-11D3-BF4B-00C04F79EFBC}") = "NFSClient", "NFSClient\NFSClient.csproj", "{A1EE0B2E-46DB-4475-8A2A-6AA1966ED7D7}"
EndProject
Project("{8BC9CEB8-8B4A-11D0-8D11-00A0C91BC942}") = "NFSv3", "NFSv3\NFSv3.vcproj", "{0201ECD4-F2D5-4066-8A4E-484B8674DD34}"
	ProjectSection(ProjectDependencies) = postProject
		{68393948-88CA-4A68-9DC9-E437401D63AD} = {68393948-88CA-4A68-9DC9-E437401D63AD}
	EndProjectSection
EndProject
Project("{8BC9CEB8-8B4A-11D0-8D11-00A0C91BC942}") = "rpcgen", "rpcgen\rpcgen.vcproj", "{965F975F-D32D-4CCE-9A53-2C3F9E5D3015}"
EndProject
Project("{8BC9CEB8-8B4A-11D0-8D11-00A0C91BC942}") = "NFSv41", "NFSv41\NFSv41.vcproj", "{96437040-E753-4897-AC88-F4B38BCDE865}"
	ProjectSection(ProjectDependencies) = postProject
		{68393948-88CA-4A68-9DC9-E437401D63AD} = {68393948-88CA-4A68-9DC9-E437401D63AD}
	EndProjectSection
EndProject
Project("{FAE04EC0-301F-11D3-BF4B-00C04F79EFBC}") = "NekoDrive", "NekoDrive\NekoDrive.csproj", "{CE2F86C0-ED84-4EF8-B632-41EB5E43E0B8}"
EndProject
Project("{FAE04EC0-301F-11D3-BF4B-00C04F79EFBC}") = "RemoteTea.Net", "remoteteanet\RemoteTea.Net.csproj", "{9C016B59-DAD9-48A1-A5E0-7A477A108530}"
EndProject
Project("{FAE04EC0-301F-11D3-BF4B-00C04F79EFBC}") = "jportmap", "jportmap\jportmap.csproj", "{ABCAF5FE-3492-4DEB-8C12-50DF332BE375}"
EndProject
Project("{FAE04EC0-301F-11D3-BF4B-00C04F79EFBC}") = "jrpcgen", "jrpcgen\jrpcgen.csproj", "{CC842806-CB2B-4262-A503-E4BD50F350EF}"
EndProject
Project("{FAE04EC0-301F-11D3-BF4B-00C04F79EFBC}") = "NFSLibrary", "NFSLibrary\NFSLibrary.csproj", "{3BAE52C4-75A4-427A-A751-D03459920F79}"
EndProject
Global
	GlobalSection(SolutionConfigurationPlatforms) = preSolution
		Debug|Any CPU = Debug|Any CPU
		Debug|Mixed Platforms = Debug|Mixed Platforms
		Debug|Win32 = Debug|Win32
		Debug|x86 = Debug|x86
		Release|Any CPU = Release|Any CPU
		Release|Mixed Platforms = Release|Mixed Platforms
		Release|Win32 = Release|Win32
		Release|x86 = Release|x86
	EndGlobalSection
	GlobalSection(ProjectConfigurationPlatforms) = postSolution
		{68393948-88CA-4A68-9DC9-E437401D63AD}.Debug|Any CPU.ActiveCfg = Debug|Win32
		{68393948-88CA-4A68-9DC9-E437401D63AD}.Debug|Mixed Platforms.ActiveCfg = Debug|Win32
		{68393948-88CA-4A68-9DC9-E437401D63AD}.Debug|Mixed Platforms.Build.0 = Debug|Win32
		{68393948-88CA-4A68-9DC9-E437401D63AD}.Debug|Win32.ActiveCfg = Debug|Win32
		{68393948-88CA-4A68-9DC9-E437401D63AD}.Debug|Win32.Build.0 = Debug|Win32
		{68393948-88CA-4A68-9DC9-E437401D63AD}.Debug|x86.ActiveCfg = Debug|Win32
		{68393948-88CA-4A68-9DC9-E437401D63AD}.Release|Any CPU.ActiveCfg = Release|Win32
		{68393948-88CA-4A68-9DC9-E437401D63AD}.Release|Mixed Platforms.ActiveCfg = Release|Win32
		{68393948-88CA-4A68-9DC9-E437401D63AD}.Release|Mixed Platforms.Build.0 = Release|Win32
		{68393948-88CA-4A68-9DC9-E437401D63AD}.Release|Win32.ActiveCfg = Release|Win32
		{68393948-88CA-4A68-9DC9-E437401D63AD}.Release|Win32.Build.0 = Release|Win32
		{68393948-88CA-4A68-9DC9-E437401D63AD}.Release|x86.ActiveCfg = Release|Win32
		{68393948-88CA-4A68-9DC9-E437401D63AD}.Release|x86.Build.0 = Release|Win32
		{D4C71D94-BA6C-4BB0-BE7A-CFB29AC91A50}.Debug|Any CPU.ActiveCfg = Debug|Win32
		{D4C71D94-BA6C-4BB0-BE7A-CFB29AC91A50}.Debug|Mixed Platforms.ActiveCfg = Debug|Win32
		{D4C71D94-BA6C-4BB0-BE7A-CFB29AC91A50}.Debug|Mixed Platforms.Build.0 = Debug|Win32
		{D4C71D94-BA6C-4BB0-BE7A-CFB29AC91A50}.Debug|Win32.ActiveCfg = Debug|Win32
		{D4C71D94-BA6C-4BB0-BE7A-CFB29AC91A50}.Debug|Win32.Build.0 = Debug|Win32
		{D4C71D94-BA6C-4BB0-BE7A-CFB29AC91A50}.Debug|x86.ActiveCfg = Debug|Win32
		{D4C71D94-BA6C-4BB0-BE7A-CFB29AC91A50}.Release|Any CPU.ActiveCfg = Release|Win32
		{D4C71D94-BA6C-4BB0-BE7A-CFB29AC91A50}.Release|Mixed Platforms.ActiveCfg = Release|Win32
		{D4C71D94-BA6C-4BB0-BE7A-CFB29AC91A50}.Release|Mixed Platforms.Build.0 = Release|Win32
		{D4C71D94-BA6C-4BB0-BE7A-CFB29AC91A50}.Release|Win32.ActiveCfg = Release|Win32
		{D4C71D94-BA6C-4BB0-BE7A-CFB29AC91A50}.Release|Win32.Build.0 = Release|Win32
		{D4C71D94-BA6C-4BB0-BE7A-CFB29AC91A50}.Release|x86.ActiveCfg = Release|Win32
		{D4C71D94-BA6C-4BB0-BE7A-CFB29AC91A50}.Release|x86.Build.0 = Release|Win32
		{14C80CE5-B224-401E-939E-C317BA4EBFD6}.Debug|Any CPU.ActiveCfg = Debug|Win32
		{14C80CE5-B224-401E-939E-C317BA4EBFD6}.Debug|Mixed Platforms.ActiveCfg = Debug|Win32
		{14C80CE5-B224-401E-939E-C317BA4EBFD6}.Debug|Mixed Platforms.Build.0 = Debug|Win32
		{14C80CE5-B224-401E-939E-C317BA4EBFD6}.Debug|Win32.ActiveCfg = Debug|Win32
		{14C80CE5-B224-401E-939E-C317BA4EBFD6}.Debug|Win32.Build.0 = Debug|Win32
		{14C80CE5-B224-401E-939E-C317BA4EBFD6}.Debug|x86.ActiveCfg = Debug|Win32
		{14C80CE5-B224-401E-939E-C317BA4EBFD6}.Release|Any CPU.ActiveCfg = Release|Win32
		{14C80CE5-B224-401E-939E-C317BA4EBFD6}.Release|Mixed Platforms.ActiveCfg = Release|Win32
		{14C80CE5-B224-401E-939E-C317BA4EBFD6}.Release|Mixed Platforms.Build.0 = Release|Win32
		{14C80CE5-B224-401E-939E-C317BA4EBFD6}.Release|Win32.ActiveCfg = Release|Win32
		{14C80CE5-B224-401E-939E-C317BA4EBFD6}.Release|Win32.Build.0 = Release|Win32
		{14C80CE5-B224-401E-939E-C317BA4EBFD6}.Release|x86.ActiveCfg = Release|Win32
		{C4BFB2C9-D2F9-4607-BD12-A4CB1D371D48}.Debug|Any CPU.ActiveCfg = Debug|Any CPU
		{C4BFB2C9-D2F9-4607-BD12-A4CB1D371D48}.Debug|Any CPU.Build.0 = Debug|Any CPU
		{C4BFB2C9-D2F9-4607-BD12-A4CB1D371D48}.Debug|Mixed Platforms.ActiveCfg = Debug|Any CPU
		{C4BFB2C9-D2F9-4607-BD12-A4CB1D371D48}.Debug|Mixed Platforms.Build.0 = Debug|Any CPU
		{C4BFB2C9-D2F9-4607-BD12-A4CB1D371D48}.Debug|Win32.ActiveCfg = Debug|Any CPU
		{C4BFB2C9-D2F9-4607-BD12-A4CB1D371D48}.Debug|x86.ActiveCfg = Debug|x86
		{C4BFB2C9-D2F9-4607-BD12-A4CB1D371D48}.Release|Any CPU.ActiveCfg = Release|Any CPU
		{C4BFB2C9-D2F9-4607-BD12-A4CB1D371D48}.Release|Any CPU.Build.0 = Release|Any CPU
		{C4BFB2C9-D2F9-4607-BD12-A4CB1D371D48}.Release|Mixed Platforms.ActiveCfg = Release|Any CPU
		{C4BFB2C9-D2F9-4607-BD12-A4CB1D371D48}.Release|Mixed Platforms.Build.0 = Release|Any CPU
		{C4BFB2C9-D2F9-4607-BD12-A4CB1D371D48}.Release|Win32.ActiveCfg = Release|Any CPU
		{C4BFB2C9-D2F9-4607-BD12-A4CB1D371D48}.Release|x86.ActiveCfg = Release|x86
		{C4BFB2C9-D2F9-4607-BD12-A4CB1D371D48}.Release|x86.Build.0 = Release|x86
		{9E04C48F-26CB-4620-BEFC-B6CC60EF6673}.Debug|Any CPU.ActiveCfg = Debug|Any CPU
		{9E04C48F-26CB-4620-BEFC-B6CC60EF6673}.Debug|Any CPU.Build.0 = Debug|Any CPU
		{9E04C48F-26CB-4620-BEFC-B6CC60EF6673}.Debug|Mixed Platforms.ActiveCfg = Debug|Any CPU
		{9E04C48F-26CB-4620-BEFC-B6CC60EF6673}.Debug|Mixed Platforms.Build.0 = Debug|Any CPU
		{9E04C48F-26CB-4620-BEFC-B6CC60EF6673}.Debug|Win32.ActiveCfg = Debug|Any CPU
		{9E04C48F-26CB-4620-BEFC-B6CC60EF6673}.Debug|x86.ActiveCfg = Debug|x86
		{9E04C48F-26CB-4620-BEFC-B6CC60EF6673}.Release|Any CPU.ActiveCfg = Release|Any CPU
		{9E04C48F-26CB-4620-BEFC-B6CC60EF6673}.Release|Any CPU.Build.0 = Release|Any CPU
		{9E04C48F-26CB-4620-BEFC-B6CC60EF6673}.Release|Mixed Platforms.ActiveCfg = Release|Any CPU
		{9E04C48F-26CB-4620-BEFC-B6CC60EF6673}.Release|Mixed Platforms.Build.0 = Release|Any CPU
		{9E04C48F-26CB-4620-BEFC-B6CC60EF6673}.Release|Win32.ActiveCfg = Release|Any CPU
		{9E04C48F-26CB-4620-BEFC-B6CC60EF6673}.Release|x86.ActiveCfg = Release|x86
		{A1EE0B2E-46DB-4475-8A2A-6AA1966ED7D7}.Debug|Any CPU.ActiveCfg = Debug|Any CPU
		{A1EE0B2E-46DB-4475-8A2A-6AA1966ED7D7}.Debug|Any CPU.Build.0 = Debug|Any CPU
		{A1EE0B2E-46DB-4475-8A2A-6AA1966ED7D7}.Debug|Mixed Platforms.ActiveCfg = Debug|x86
		{A1EE0B2E-46DB-4475-8A2A-6AA1966ED7D7}.Debug|Mixed Platforms.Build.0 = Debug|x86
		{A1EE0B2E-46DB-4475-8A2A-6AA1966ED7D7}.Debug|Win32.ActiveCfg = Debug|x86
		{A1EE0B2E-46DB-4475-8A2A-6AA1966ED7D7}.Debug|x86.ActiveCfg = Debug|x86
		{A1EE0B2E-46DB-4475-8A2A-6AA1966ED7D7}.Release|Any CPU.ActiveCfg = Release|Any CPU
		{A1EE0B2E-46DB-4475-8A2A-6AA1966ED7D7}.Release|Any CPU.Build.0 = Release|Any CPU
		{A1EE0B2E-46DB-4475-8A2A-6AA1966ED7D7}.Release|Mixed Platforms.ActiveCfg = Release|x86
		{A1EE0B2E-46DB-4475-8A2A-6AA1966ED7D7}.Release|Mixed Platforms.Build.0 = Release|x86
		{A1EE0B2E-46DB-4475-8A2A-6AA1966ED7D7}.Release|Win32.ActiveCfg = Release|x86
		{A1EE0B2E-46DB-4475-8A2A-6AA1966ED7D7}.Release|x86.ActiveCfg = Release|x86
		{0201ECD4-F2D5-4066-8A4E-484B8674DD34}.Debug|Any CPU.ActiveCfg = Debug|Win32
		{0201ECD4-F2D5-4066-8A4E-484B8674DD34}.Debug|Mixed Platforms.ActiveCfg = Debug|Win32
		{0201ECD4-F2D5-4066-8A4E-484B8674DD34}.Debug|Mixed Platforms.Build.0 = Debug|Win32
		{0201ECD4-F2D5-4066-8A4E-484B8674DD34}.Debug|Win32.ActiveCfg = Debug|Win32
		{0201ECD4-F2D5-4066-8A4E-484B8674DD34}.Debug|Win32.Build.0 = Debug|Win32
		{0201ECD4-F2D5-4066-8A4E-484B8674DD34}.Debug|x86.ActiveCfg = Debug|Win32
		{0201ECD4-F2D5-4066-8A4E-484B8674DD34}.Release|Any CPU.ActiveCfg = Release|Win32
		{0201ECD4-F2D5-4066-8A4E-484B8674DD34}.Release|Mixed Platforms.ActiveCfg = Release|Win32
		{0201ECD4-F2D5-4066-8A4E-484B8674DD34}.Release|Mixed Platforms.Build.0 = Release|Win32
		{0201ECD4-F2D5-4066-8A4E-484B8674DD34}.Release|Win32.ActiveCfg = Release|Win32
		{0201ECD4-F2D5-4066-8A4E-484B8674DD34}.Release|Win32.Build.0 = Release|Win32
		{0201ECD4-F2D5-4066-8A4E-484B8674DD34}.Release|x86.ActiveCfg = Release|Win32
		{0201ECD4-F2D5-4066-8A4E-484B8674DD34}.Release|x86.Build.0 = Release|Win32
		{965F975F-D32D-4CCE-9A53-2C3F9E5D3015}.Debug|Any CPU.ActiveCfg = Debug|Win32
		{965F975F-D32D-4CCE-9A53-2C3F9E5D3015}.Debug|Mixed Platforms.ActiveCfg = Debug|Win32
		{965F975F-D32D-4CCE-9A53-2C3F9E5D3015}.Debug|Mixed Platforms.Build.0 = Debug|Win32
		{965F975F-D32D-4CCE-9A53-2C3F9E5D3015}.Debug|Win32.ActiveCfg = Debug|Win32
		{965F975F-D32D-4CCE-9A53-2C3F9E5D3015}.Debug|Win32.Build.0 = Debug|Win32
		{965F975F-D32D-4CCE-9A53-2C3F9E5D3015}.Debug|x86.ActiveCfg = Debug|Win32
		{965F975F-D32D-4CCE-9A53-2C3F9E5D3015}.Release|Any CPU.ActiveCfg = Release|Win32
		{965F975F-D32D-4CCE-9A53-2C3F9E5D3015}.Release|Mixed Platforms.ActiveCfg = Release|Win32
		{965F975F-D32D-4CCE-9A53-2C3F9E5D3015}.Release|Mixed Platforms.Build.0 = Release|Win32
		{965F975F-D32D-4CCE-9A53-2C3F9E5D3015}.Release|Win32.ActiveCfg = Release|Win32
		{965F975F-D32D-4CCE-9A53-2C3F9E5D3015}.Release|Win32.Build.0 = Release|Win32
		{965F975F-D32D-4CCE-9A53-2C3F9E5D3015}.Release|x86.ActiveCfg = Release|Win32
		{96437040-E753-4897-AC88-F4B38BCDE865}.Debug|Any CPU.ActiveCfg = Debug|Win32
		{96437040-E753-4897-AC88-F4B38BCDE865}.Debug|Mixed Platforms.ActiveCfg = Debug|Win32
		{96437040-E753-4897-AC88-F4B38BCDE865}.Debug|Mixed Platforms.Build.0 = Debug|Win32
		{96437040-E753-4897-AC88-F4B38BCDE865}.Debug|Win32.ActiveCfg = Debug|Win32
		{96437040-E753-4897-AC88-F4B38BCDE865}.Debug|Win32.Build.0 = Debug|Win32
		{96437040-E753-4897-AC88-F4B38BCDE865}.Debug|x86.ActiveCfg = Debug|Win32
		{96437040-E753-4897-AC88-F4B38BCDE865}.Release|Any CPU.ActiveCfg = Release|Win32
		{96437040-E753-4897-AC88-F4B38BCDE865}.Release|Mixed Platforms.ActiveCfg = Release|Win32
		{96437040-E753-4897-AC88-F4B38BCDE865}.Release|Mixed Platforms.Build.0 = Release|Win32
		{96437040-E753-4897-AC88-F4B38BCDE865}.Release|Win32.ActiveCfg = Release|Win32
		{96437040-E753-4897-AC88-F4B38BCDE865}.Release|Win32.Build.0 = Release|Win32
		{96437040-E753-4897-AC88-F4B38BCDE865}.Release|x86.ActiveCfg = Release|Win32
		{96437040-E753-4897-AC88-F4B38BCDE865}.Release|x86.Build.0 = Release|Win32
		{CE2F86C0-ED84-4EF8-B632-41EB5E43E0B8}.Debug|Any CPU.ActiveCfg = Debug|Any CPU
		{CE2F86C0-ED84-4EF8-B632-41EB5E43E0B8}.Debug|Any CPU.Build.0 = Debug|Any CPU
		{CE2F86C0-ED84-4EF8-B632-41EB5E43E0B8}.Debug|Mixed Platforms.ActiveCfg = Debug|Any CPU
		{CE2F86C0-ED84-4EF8-B632-41EB5E43E0B8}.Debug|Mixed Platforms.Build.0 = Debug|Any CPU
		{CE2F86C0-ED84-4EF8-B632-41EB5E43E0B8}.Debug|Win32.ActiveCfg = Debug|Any CPU
		{CE2F86C0-ED84-4EF8-B632-41EB5E43E0B8}.Debug|x86.ActiveCfg = Debug|x86
		{CE2F86C0-ED84-4EF8-B632-41EB5E43E0B8}.Debug|x86.Build.0 = Debug|x86
		{CE2F86C0-ED84-4EF8-B632-41EB5E43E0B8}.Release|Any CPU.ActiveCfg = Release|Any CPU
		{CE2F86C0-ED84-4EF8-B632-41EB5E43E0B8}.Release|Any CPU.Build.0 = Release|Any CPU
		{CE2F86C0-ED84-4EF8-B632-41EB5E43E0B8}.Release|Mixed Platforms.ActiveCfg = Release|Any CPU
		{CE2F86C0-ED84-4EF8-B632-41EB5E43E0B8}.Release|Mixed Platforms.Build.0 = Release|Any CPU
		{CE2F86C0-ED84-4EF8-B632-41EB5E43E0B8}.Release|Win32.ActiveCfg = Release|Any CPU
		{CE2F86C0-ED84-4EF8-B632-41EB5E43E0B8}.Release|x86.ActiveCfg = Release|x86
		{CE2F86C0-ED84-4EF8-B632-41EB5E43E0B8}.Release|x86.Build.0 = Release|x86
		{9C016B59-DAD9-48A1-A5E0-7A477A108530}.Debug|Any CPU.ActiveCfg = Debug|Any CPU
		{9C016B59-DAD9-48A1-A5E0-7A477A108530}.Debug|Any CPU.Build.0 = Debug|Any CPU
		{9C016B59-DAD9-48A1-A5E0-7A477A108530}.Debug|Mixed Platforms.ActiveCfg = Debug|x86
		{9C016B59-DAD9-48A1-A5E0-7A477A108530}.Debug|Mixed Platforms.Build.0 = Debug|x86
		{9C016B59-DAD9-48A1-A5E0-7A477A108530}.Debug|Win32.ActiveCfg = Debug|x86
		{9C016B59-DAD9-48A1-A5E0-7A477A108530}.Debug|x86.ActiveCfg = Debug|x86
		{9C016B59-DAD9-48A1-A5E0-7A477A108530}.Debug|x86.Build.0 = Debug|x86
		{9C016B59-DAD9-48A1-A5E0-7A477A108530}.Release|Any CPU.ActiveCfg = Release|Any CPU
		{9C016B59-DAD9-48A1-A5E0-7A477A108530}.Release|Any CPU.Build.0 = Release|Any CPU
		{9C016B59-DAD9-48A1-A5E0-7A477A108530}.Release|Mixed Platforms.ActiveCfg = Release|x86
		{9C016B59-DAD9-48A1-A5E0-7A477A108530}.Release|Mixed Platforms.Build.0 = Release|x86
		{9C016B59-DAD9-48A1-A5E0-7A477A108530}.Release|Win32.ActiveCfg = Release|x86
		{9C016B59-DAD9-48A1-A5E0-7A477A108530}.Release|x86.ActiveCfg = Release|x86
		{9C016B59-DAD9-48A1-A5E0-7A477A108530}.Release|x86.Build.0 = Release|x86
		{ABCAF5FE-3492-4DEB-8C12-50DF332BE375}.Debug|Any CPU.ActiveCfg = Debug|Any CPU
		{ABCAF5FE-3492-4DEB-8C12-50DF332BE375}.Debug|Any CPU.Build.0 = Debug|Any CPU
		{ABCAF5FE-3492-4DEB-8C12-50DF332BE375}.Debug|Mixed Platforms.ActiveCfg = Debug|x86
		{ABCAF5FE-3492-4DEB-8C12-50DF332BE375}.Debug|Mixed Platforms.Build.0 = Debug|x86
		{ABCAF5FE-3492-4DEB-8C12-50DF332BE375}.Debug|Win32.ActiveCfg = Debug|x86
		{ABCAF5FE-3492-4DEB-8C12-50DF332BE375}.Debug|x86.ActiveCfg = Debug|x86
		{ABCAF5FE-3492-4DEB-8C12-50DF332BE375}.Release|Any CPU.ActiveCfg = Release|Any CPU
		{ABCAF5FE-3492-4DEB-8C12-50DF332BE375}.Release|Any CPU.Build.0 = Release|Any CPU
		{ABCAF5FE-3492-4DEB-8C12-50DF332BE375}.Release|Mixed Platforms.ActiveCfg = Release|x86
		{ABCAF5FE-3492-4DEB-8C12-50DF332BE375}.Release|Mixed Platforms.Build.0 = Release|x86
		{ABCAF5FE-3492-4DEB-8C12-50DF332BE375}.Release|Win32.ActiveCfg = Release|x86
		{ABCAF5FE-3492-4DEB-8C12-50DF332BE375}.Release|x86.ActiveCfg = Release|x86
		{ABCAF5FE-3492-4DEB-8C12-50DF332BE375}.Release|x86.Build.0 = Release|x86
		{CC842806-CB2B-4262-A503-E4BD50F350EF}.Debug|Any CPU.ActiveCfg = Debug|Any CPU
		{CC842806-CB2B-4262-A503-E4BD50F350EF}.Debug|Any CPU.Build.0 = Debug|Any CPU
		{CC842806-CB2B-4262-A503-E4BD50F350EF}.Debug|Mixed Platforms.ActiveCfg = Debug|x86
		{CC842806-CB2B-4262-A503-E4BD50F350EF}.Debug|Mixed Platforms.Build.0 = Debug|x86
		{CC842806-CB2B-4262-A503-E4BD50F350EF}.Debug|Win32.ActiveCfg = Debug|x86
		{CC842806-CB2B-4262-A503-E4BD50F350EF}.Debug|x86.ActiveCfg = Debug|x86
		{CC842806-CB2B-4262-A503-E4BD50F350EF}.Release|Any CPU.ActiveCfg = Release|Any CPU
		{CC842806-CB2B-4262-A503-E4BD50F350EF}.Release|Any CPU.Build.0 = Release|Any CPU
		{CC842806-CB2B-4262-A503-E4BD50F350EF}.Release|Mixed Platforms.ActiveCfg = Release|x86
		{CC842806-CB2B-4262-A503-E4BD50F350EF}.Release|Mixed Platforms.Build.0 = Release|x86
		{CC842806-CB2B-4262-A503-E4BD50F350EF}.Release|Win32.ActiveCfg = Release|x86
		{CC842806-CB2B-4262-A503-E4BD50F350EF}.Release|x86.ActiveCfg = Release|x86
		{CC842806-CB2B-4262-A503-E4BD50F350EF}.Release|x86.Build.0 = Release|x86
		{3BAE52C4-75A4-427A-A751-D03459920F79}.Debug|Any CPU.ActiveCfg = Debug|Any CPU
		{3BAE52C4-75A4-427A-A751-D03459920F79}.Debug|Any CPU.Build.0 = Debug|Any CPU
		{3BAE52C4-75A4-427A-A751-D03459920F79}.Debug|Mixed Platforms.ActiveCfg = Debug|x86
		{3BAE52C4-75A4-427A-A751-D03459920F79}.Debug|Mixed Platforms.Build.0 = Debug|x86
		{3BAE52C4-75A4-427A-A751-D03459920F79}.Debug|Win32.ActiveCfg = Debug|x86
		{3BAE52C4-75A4-427A-A751-D03459920F79}.Debug|x86.ActiveCfg = Debug|x86
		{3BAE52C4-75A4-427A-A751-D03459920F79}.Debug|x86.Build.0 = Debug|x86
		{3BAE52C4-75A4-427A-A751-D03459920F79}.Release|Any CPU.ActiveCfg = Release|Any CPU
		{3BAE52C4-75A4-427A-A751-D03459920F79}.Release|Any CPU.Build.0 = Release|Any CPU
		{3BAE52C4-75A4-427A-A751-D03459920F79}.Release|Mixed Platforms.ActiveCfg = Release|x86
		{3BAE52C4-75A4-427A-A751-D03459920F79}.Release|Mixed Platforms.Build.0 = Release|x86
		{3BAE52C4-75A4-427A-A751-D03459920F79}.Release|Win32.ActiveCfg = Release|x86
		{3BAE52C4-75A4-427A-A751-D03459920F79}.Release|x86.ActiveCfg = Release|x86
		{3BAE52C4-75A4-427A-A751-D03459920F79}.Release|x86.Build.0 = Release|x86
	EndGlobalSection
	GlobalSection(SolutionProperties) = preSolution
		HideSolutionNode = FALSE
	EndGlobalSection
EndGlobal
